
Microsoft Visual Studio Solution File, Format Version 12.00
# Visual Studio Version 16
VisualStudioVersion = 16.0.28917.181
MinimumVisualStudioVersion = 10.0.40219.1
Project("{FAE04EC0-301F-11D3-BF4B-00C04F79EFBC}") = "SalesWebMVC", "SalesWebMVC\SalesWebMVC.csproj", "{062A198B-831C-456B-9335-590783ED6D04}"
EndProject
Global
	GlobalSection(SolutionConfigurationPlatforms) = preSolution
		Debug|Any CPU = Debug|Any CPU
		Release|Any CPU = Release|Any CPU
	EndGlobalSection
	GlobalSection(ProjectConfigurationPlatforms) = postSolution
		{062A198B-831C-456B-9335-590783ED6D04}.Debug|Any CPU.ActiveCfg = Debug|Any CPU
		{062A198B-831C-456B-9335-590783ED6D04}.Debug|Any CPU.Build.0 = Debug|Any CPU
		{062A198B-831C-456B-9335-590783ED6D04}.Release|Any CPU.ActiveCfg = Release|Any CPU
		{062A198B-831C-456B-9335-590783ED6D04}.Release|Any CPU.Build.0 = Release|Any CPU
	EndGlobalSection
	GlobalSection(SolutionProperties) = preSolution
		HideSolutionNode = FALSE
	EndGlobalSection
	GlobalSection(ExtensibilityGlobals) = postSolution
		SolutionGuid = {3E115FFD-A069-4CDF-86C7-F0D9958E5CB5}
	EndGlobalSection
EndGlobal
